
Microsoft Visual Studio Solution File, Format Version 12.00
# Visual Studio Version 16
VisualStudioVersion = 16.0.29306.81
MinimumVisualStudioVersion = 10.0.40219.1
Project("{9A19103F-16F7-4668-BE54-9A1E7A4F7556}") = "Communication.API", "Communication.API.csproj", "{DC49B7F0-9DEA-453C-889E-A9B162A933CA}"
EndProject
Global
	GlobalSection(SolutionConfigurationPlatforms) = preSolution
		Debug|Any CPU = Debug|Any CPU
		Release|Any CPU = Release|Any CPU
	EndGlobalSection
	GlobalSection(ProjectConfigurationPlatforms) = postSolution
		{DC49B7F0-9DEA-453C-889E-A9B162A933CA}.Debug|Any CPU.ActiveCfg = Debug|Any CPU
		{DC49B7F0-9DEA-453C-889E-A9B162A933CA}.Debug|Any CPU.Build.0 = Debug|Any CPU
		{DC49B7F0-9DEA-453C-889E-A9B162A933CA}.Release|Any CPU.ActiveCfg = Release|Any CPU
		{DC49B7F0-9DEA-453C-889E-A9B162A933CA}.Release|Any CPU.Build.0 = Release|Any CPU
	EndGlobalSection
	GlobalSection(SolutionProperties) = preSolution
		HideSolutionNode = FALSE
	EndGlobalSection
	GlobalSection(ExtensibilityGlobals) = postSolution
		SolutionGuid = {7FBC0E22-138D-4AA6-92E4-487122061A51}
	EndGlobalSection
EndGlobal
